// !$*UTF8*$!
{
	archiveVersion = 1;
	classes = {
	};
	objectVersion = 50;
	objects = {

/* Begin PBXBuildFile section */
		CA88EBF323D049A300C47B68 /* AppDelegate.swift in Sources */ = {isa = PBXBuildFile; fileRef = CA88EBF223D049A300C47B68 /* AppDelegate.swift */; };
		CA88EBF523D049A300C47B68 /* SceneDelegate.swift in Sources */ = {isa = PBXBuildFile; fileRef = CA88EBF423D049A300C47B68 /* SceneDelegate.swift */; };
		CA88EBF723D049A300C47B68 /* ViewController.swift in Sources */ = {isa = PBXBuildFile; fileRef = CA88EBF623D049A300C47B68 /* ViewController.swift */; };
		CA88EBFA23D049A300C47B68 /* Main.storyboard in Resources */ = {isa = PBXBuildFile; fileRef = CA88EBF823D049A300C47B68 /* Main.storyboard */; };
		CA88EBFC23D049A700C47B68 /* Assets.xcassets in Resources */ = {isa = PBXBuildFile; fileRef = CA88EBFB23D049A700C47B68 /* Assets.xcassets */; };
		CA88EBFF23D049A700C47B68 /* LaunchScreen.storyboard in Resources */ = {isa = PBXBuildFile; fileRef = CA88EBFD23D049A700C47B68 /* LaunchScreen.storyboard */; };
/* End PBXBuildFile section */

/* Begin PBXFileReference section */
		CA88EBEF23D049A300C47B68 /* eating in.app */ = {isa = PBXFileReference; explicitFileType = wrapper.application; includeInIndex = 0; path = "eating in.app"; sourceTree = BUILT_PRODUCTS_DIR; };
		CA88EBF223D049A300C47B68 /* AppDelegate.swift */ = {isa = PBXFileReference; lastKnownFileType = sourcecode.swift; path = AppDelegate.swift; sourceTree = "<group>"; };
		CA88EBF423D049A300C47B68 /* SceneDelegate.swift */ = {isa = PBXFileReference; lastKnownFileType = sourcecode.swift; path = SceneDelegate.swift; sourceTree = "<group>"; };
		CA88EBF623D049A300C47B68 /* ViewController.swift */ = {isa = PBXFileReference; lastKnownFileType = sourcecode.swift; path = ViewController.swift; sourceTree = "<group>"; };
		CA88EBF923D049A300C47B68 /* Base */ = {isa = PBXFileReference; lastKnownFileType = file.storyboard; name = Base; path = Base.lproj/Main.storyboard; sourceTree = "<group>"; };
		CA88EBFB23D049A700C47B68 /* Assets.xcassets */ = {isa = PBXFileReference; lastKnownFileType = folder.assetcatalog; path = Assets.xcassets; sourceTree = "<group>"; };
		CA88EBFE23D049A700C47B68 /* Base */ = {isa = PBXFileReference; lastKnownFileType = file.storyboard; name = Base; path = Base.lproj/LaunchScreen.storyboard; sourceTree = "<group>"; };
		CA88EC0023D049A700C47B68 /* Info.plist */ = {isa = PBXFileReference; lastKnownFileType = text.plist.xml; path = Info.plist; sourceTree = "<group>"; };
/* End PBXFileReference section */

/* Begin PBXFrameworksBuildPhase section */
		CA88EBEC23D049A300C47B68 /* Frameworks */ = {
			isa = PBXFrameworksBuildPhase;
			buildActionMask = 2147483647;
			files = (
			);
			runOnlyForDeploymentPostprocessing = 0;
		};
/* End PBXFrameworksBuildPhase section */

/* Begin PBXGroup section */
		CA88EBE623D049A300C47B68 = {
			isa = PBXGroup;
			children = (
				CA88EBF123D049A300C47B68 /* eating in */,
				CA88EBF023D049A300C47B68 /* Products */,
			);
			sourceTree = "<group>";
		};
		CA88EBF023D049A300C47B68 /* Products */ = {
			isa = PBXGroup;
			children = (
				CA88EBEF23D049A300C47B68 /* eating in.app */,
			);
			name = Products;
			sourceTree = "<group>";
		};
		CA88EBF123D049A300C47B68 /* eating in */ = {
			isa = PBXGroup;
			children = (
				CA88EBF223D049A300C47B68 /* AppDelegate.swift */,
				CA88EBF423D049A300C47B68 /* SceneDelegate.swift */,
				CA88EBF623D049A300C47B68 /* ViewController.swift */,
				CA88EBF823D049A300C47B68 /* Main.storyboard */,
				CA88EBFB23D049A700C47B68 /* Assets.xcassets */,
				CA88EBFD23D049A700C47B68 /* LaunchScreen.storyboard */,
				CA88EC0023D049A700C47B68 /* Info.plist */,
			);
			path = "eating in";
			sourceTree = "<group>";
		};
/* End PBXGroup section */

/* Begin PBXNativeTarget section */
		CA88EBEE23D049A300C47B68 /* eating in */ = {
			isa = PBXNativeTarget;
			buildConfigurationList = CA88EC0323D049A700C47B68 /* Build configuration list for PBXNativeTarget "eating in" */;
			buildPhases = (
				CA88EBEB23D049A300C47B68 /* Sources */,
				CA88EBEC23D049A300C47B68 /* Frameworks */,
				CA88EBED23D049A300C47B68 /* Resources */,
			);
			buildRules = (
			);
			dependencies = (
			);
			name = "eating in";
			productName = "eating in";
			productReference = CA88EBEF23D049A300C47B68 /* eating in.app */;
			productType = "com.apple.product-type.application";
		};
/* End PBXNativeTarget section */

/* Begin PBXProject section */
		CA88EBE723D049A300C47B68 /* Project object */ = {
			isa = PBXProject;
			attributes = {
				LastSwiftUpdateCheck = 1130;
				LastUpgradeCheck = 1130;
				ORGANIZATIONNAME = "Imogen Kraak";
				TargetAttributes = {
					CA88EBEE23D049A300C47B68 = {
						CreatedOnToolsVersion = 11.3.1;
					};
				};
			};
			buildConfigurationList = CA88EBEA23D049A300C47B68 /* Build configuration list for PBXProject "eating in" */;
			compatibilityVersion = "Xcode 9.3";
			developmentRegion = en;
			hasScannedForEncodings = 0;
			knownRegions = (
				en,
				Base,
			);
			mainGroup = CA88EBE623D049A300C47B68;
			productRefGroup = CA88EBF023D049A300C47B68 /* Products */;
			projectDirPath = "";
			projectRoot = "";
			targets = (
				CA88EBEE23D049A300C47B68 /* eating in */,
			);
		};
/* End PBXProject section */

/* Begin PBXResourcesBuildPhase section */
		CA88EBED23D049A300C47B68 /* Resources */ = {
			isa = PBXResourcesBuildPhase;
			buildActionMask = 2147483647;
			files = (
				CA88EBFF23D049A700C47B68 /* LaunchScreen.storyboard in Resources */,
				CA88EBFC23D049A700C47B68 /* Assets.xcassets in Resources */,
				CA88EBFA23D049A300C47B68 /* Main.storyboard in Resources */,
			);
			runOnlyForDeploymentPostprocessing = 0;
		};
/* End PBXResourcesBuildPhase section */

/* Begin PBXSourcesBuildPhase section */
		CA88EBEB23D049A300C47B68 /* Sources */ = {
			isa = PBXSourcesBuildPhase;
			buildActionMask = 2147483647;
			files = (
				CA88EBF723D049A300C47B68 /* ViewController.swift in Sources */,
				CA88EBF323D049A300C47B68 /* AppDelegate.swift in Sources */,
				CA88EBF523D049A300C47B68 /* SceneDelegate.swift in Sources */,
			);
			runOnlyForDeploymentPostprocessing = 0;
		};
/* End PBXSourcesBuildPhase section */

/* Begin PBXVariantGroup section */
		CA88EBF823D049A300C47B68 /* Main.storyboard */ = {
			isa = PBXVariantGroup;
			children = (
				CA88EBF923D049A300C47B68 /* Base */,
			);
			name = Main.storyboard;
			sourceTree = "<group>";
		};
		CA88EBFD23D049A700C47B68 /* LaunchScreen.storyboard */ = {
			isa = PBXVariantGroup;
			children = (
				CA88EBFE23D049A700C47B68 /* Base */,
			);
			name = LaunchScreen.storyboard;
			sourceTree = "<group>";
		};
/* End PBXVariantGroup section */

/* Begin XCBuildConfiguration section */
		CA88EC0123D049A700C47B68 /* Debug */ = {
			isa = XCBuildConfiguration;
			buildSettings = {
				ALWAYS_SEARCH_USER_PATHS = NO;
				CLANG_ANALYZER_NONNULL = YES;
				CLANG_ANALYZER_NUMBER_OBJECT_CONVERSION = YES_AGGRESSIVE;
				CLANG_CXX_LANGUAGE_STANDARD = "gnu++14";
				CLANG_CXX_LIBRARY = "libc++";
				CLANG_ENABLE_MODULES = YES;
				CLANG_ENABLE_OBJC_ARC = YES;
				CLANG_ENABLE_OBJC_WEAK = YES;
				CLANG_WARN_BLOCK_CAPTURE_AUTORELEASING = YES;
				CLANG_WARN_BOOL_CONVERSION = YES;
				CLANG_WARN_COMMA = YES;
				CLANG_WARN_CONSTANT_CONVERSION = YES;
				CLANG_WARN_DEPRECATED_OBJC_IMPLEMENTATIONS = YES;
				CLANG_WARN_DIRECT_OBJC_ISA_USAGE = YES_ERROR;
				CLANG_WARN_DOCUMENTATION_COMMENTS = YES;
				CLANG_WARN_EMPTY_BODY = YES;
				CLANG_WARN_ENUM_CONVERSION = YES;
				CLANG_WARN_INFINITE_RECURSION = YES;
				CLANG_WARN_INT_CONVERSION = YES;
				CLANG_WARN_NON_LITERAL_NULL_CONVERSION = YES;
				CLANG_WARN_OBJC_IMPLICIT_RETAIN_SELF = YES;
				CLANG_WARN_OBJC_LITERAL_CONVERSION = YES;
				CLANG_WARN_OBJC_ROOT_CLASS = YES_ERROR;
				CLANG_WARN_RANGE_LOOP_ANALYSIS = YES;
				CLANG_WARN_STRICT_PROTOTYPES = YES;
				CLANG_WARN_SUSPICIOUS_MOVE = YES;
				CLANG_WARN_UNGUARDED_AVAILABILITY = YES_AGGRESSIVE;
				CLANG_WARN_UNREACHABLE_CODE = YES;
				CLANG_WARN__DUPLICATE_METHOD_MATCH = YES;
				COPY_PHASE_STRIP = NO;
				DEBUG_INFORMATION_FORMAT = dwarf;
				ENABLE_STRICT_OBJC_MSGSEND = YES;
				ENABLE_TESTABILITY = YES;
				GCC_C_LANGUAGE_STANDARD = gnu11;
				GCC_DYNAMIC_NO_PIC = NO;
				GCC_NO_COMMON_BLOCKS = YES;
				GCC_OPTIMIZATION_LEVEL = 0;
				GCC_PREPROCESSOR_DEFINITIONS = (
					"DEBUG=1",
					"$(inherited)",
				);
				GCC_WARN_64_TO_32_BIT_CONVERSION = YES;
				GCC_WARN_ABOUT_RETURN_TYPE = YES_ERROR;
				GCC_WARN_UNDECLARED_SELECTOR = YES;
				GCC_WARN_UNINITIALIZED_AUTOS = YES_AGGRESSIVE;
				GCC_WARN_UNUSED_FUNCTION = YES;
				GCC_WARN_UNUSED_VARIABLE = YES;
				IPHONEOS_DEPLOYMENT_TARGET = 13.2;
				MTL_ENABLE_DEBUG_INFO = INCLUDE_SOURCE;
				MTL_FAST_MATH = YES;
				ONLY_ACTIVE_ARCH = YES;
				SDKROOT = iphoneos;
				SWIFT_ACTIVE_COMPILATION_CONDITIONS = DEBUG;
				SWIFT_OPTIMIZATION_LEVEL = "-Onone";
			};
			name = Debug;
		};
		CA88EC0223D049A700C47B68 /* Release */ = {
			isa = XCBuildConfiguration;
			buildSettings = {
				ALWAYS_SEARCH_USER_PATHS = NO;
				CLANG_ANALYZER_NONNULL = YES;
				CLANG_ANALYZER_NUMBER_OBJECT_CONVERSION = YES_AGGRESSIVE;
				CLANG_CXX_LANGUAGE_STANDARD = "gnu++14";
				CLANG_CXX_LIBRARY = "libc++";
				CLANG_ENABLE_MODULES = YES;
				CLANG_ENABLE_OBJC_ARC = YES;
				CLANG_ENABLE_OBJC_WEAK = YES;
				CLANG_WARN_BLOCK_CAPTURE_AUTORELEASING = YES;
				CLANG_WARN_BOOL_CONVERSION = YES;
				CLANG_WARN_COMMA = YES;
				CLANG_WARN_CONSTANT_CONVERSION = YES;
				CLANG_WARN_DEPRECATED_OBJC_IMPLEMENTATIONS = YES;
				CLANG_WARN_DIRECT_OBJC_ISA_USAGE = YES_ERROR;
				CLANG_WARN_DOCUMENTATION_COMMENTS = YES;
				CLANG_WARN_EMPTY_BODY = YES;
				CLANG_WARN_ENUM_CONVERSION = YES;
				CLANG_WARN_INFINITE_RECURSION = YES;
				CLANG_WARN_INT_CONVERSION = YES;
				CLANG_WARN_NON_LITERAL_NULL_CONVERSION = YES;
				CLANG_WARN_OBJC_IMPLICIT_RETAIN_SELF = YES;
				CLANG_WARN_OBJC_LITERAL_CONVERSION = YES;
				CLANG_WARN_OBJC_ROOT_CLASS = YES_ERROR;
				CLANG_WARN_RANGE_LOOP_ANALYSIS = YES;
				CLANG_WARN_STRICT_PROTOTYPES = YES;
				CLANG_WARN_SUSPICIOUS_MOVE = YES;
				CLANG_WARN_UNGUARDED_AVAILABILITY = YES_AGGRESSIVE;
				CLANG_WARN_UNREACHABLE_CODE = YES;
				CLANG_WARN__DUPLICATE_METHOD_MATCH = YES;
				COPY_PHASE_STRIP = NO;
				DEBUG_INFORMATION_FORMAT = "dwarf-with-dsym";
				ENABLE_NS_ASSERTIONS = NO;
				ENABLE_STRICT_OBJC_MSGSEND = YES;
				GCC_C_LANGUAGE_STANDARD = gnu11;
				GCC_NO_COMMON_BLOCKS = YES;
				GCC_WARN_64_TO_32_BIT_CONVERSION = YES;
				GCC_WARN_ABOUT_RETURN_TYPE = YES_ERROR;
				GCC_WARN_UNDECLARED_SELECTOR = YES;
				GCC_WARN_UNINITIALIZED_AUTOS = YES_AGGRESSIVE;
				GCC_WARN_UNUSED_FUNCTION = YES;
				GCC_WARN_UNUSED_VARIABLE = YES;
				IPHONEOS_DEPLOYMENT_TARGET = 13.2;
				MTL_ENABLE_DEBUG_INFO = NO;
				MTL_FAST_MATH = YES;
				SDKROOT = iphoneos;
				SWIFT_COMPILATION_MODE = wholemodule;
				SWIFT_OPTIMIZATION_LEVEL = "-O";
				VALIDATE_PRODUCT = YES;
			};
			name = Release;
		};
		CA88EC0423D049A700C47B68 /* Debug */ = {
			isa = XCBuildConfiguration;
			buildSettings = {
				ASSETCATALOG_COMPILER_APPICON_NAME = AppIcon;
				CODE_SIGN_STYLE = Automatic;
				DEVELOPMENT_TEAM = 5G48527FN8;
				INFOPLIST_FILE = "eating in/Info.plist";
				LD_RUNPATH_SEARCH_PATHS = (
					"$(inherited)",
					"@executable_path/Frameworks",
				);
				PRODUCT_BUNDLE_IDENTIFIER = "ImogenK.eating-in";
				PRODUCT_NAME = "$(TARGET_NAME)";
				SWIFT_VERSION = 5.0;
				TARGETED_DEVICE_FAMILY = "1,2";
			};
			name = Debug;
		};
		CA88EC0523D049A700C47B68 /* Release */ = {
			isa = XCBuildConfiguration;
			buildSettings = {
				ASSETCATALOG_COMPILER_APPICON_NAME = AppIcon;
				CODE_SIGN_STYLE = Automatic;
				DEVELOPMENT_TEAM = 5G48527FN8;
				INFOPLIST_FILE = "eating in/Info.plist";
				LD_RUNPATH_SEARCH_PATHS = (
					"$(inherited)",
					"@executable_path/Frameworks",
				);
				PRODUCT_BUNDLE_IDENTIFIER = "ImogenK.eating-in";
				PRODUCT_NAME = "$(TARGET_NAME)";
				SWIFT_VERSION = 5.0;
				TARGETED_DEVICE_FAMILY = "1,2";
			};
			name = Release;
		};
/* End XCBuildConfiguration section */

/* Begin XCConfigurationList section */
		CA88EBEA23D049A300C47B68 /* Build configuration list for PBXProject "eating in" */ = {
			isa = XCConfigurationList;
			buildConfigurations = (
				CA88EC0123D049A700C47B68 /* Debug */,
				CA88EC0223D049A700C47B68 /* Release */,
			);
			defaultConfigurationIsVisible = 0;
			defaultConfigurationName = Release;
		};
		CA88EC0323D049A700C47B68 /* Build configuration list for PBXNativeTarget "eating in" */ = {
			isa = XCConfigurationList;
			buildConfigurations = (
				CA88EC0423D049A700C47B68 /* Debug */,
				CA88EC0523D049A700C47B68 /* Release */,
			);
			defaultConfigurationIsVisible = 0;
			defaultConfigurationName = Release;
		};
/* End XCConfigurationList section */
	};
	rootObject = CA88EBE723D049A300C47B68 /* Project object */;
}
